{
  "sources": {
    "rubycas": {
      "path": "."
    },
    "mysql": {
      "locked_version": "4.1.2"
    },
    "rvm": {
      "locked_version": "0.9.1",
      "git": "git://github.com/fnichol/chef-rvm.git",
      "ref": "0cd320911c1e568cbf2eeac895a5ef06e5821589"
    },
    "god": {
      "locked_version": "1.0.2",
      "git": "git://github.com/sqm/chef-god.git",
      "ref": "0bedf09e58e893769b95896ded9aa7d817e56ddc"
    },
    "logrotate": {
      "locked_version": "1.5.0"
    },
    "apt": {
      "locked_version": "2.4.0"
    },
    "database": {
      "locked_version": "2.2.0"
    },
    "postgresql": {
      "locked_version": "3.4.0"
    },
    "build-essential": {
      "locked_version": "2.0.2"
    },
    "openssl": {
      "locked_version": "1.1.0"
    },
    "aws": {
      "locked_version": "2.2.2"
    },
    "xfs": {
      "locked_version": "1.1.0"
    },
    "mysql-chef_gem": {
      "locked_version": "0.0.2"
    },
    "nginx": {
      "locked_version": "2.7.2"
    },
    "bluepill": {
      "locked_version": "2.3.1"
    },
    "rsyslog": {
      "locked_version": "1.12.2"
    },
    "ohai": {
      "locked_version": "2.0.0"
    },
    "runit": {
      "locked_version": "1.5.10"
    },
    "yum": {
      "locked_version": "3.2.0"
    },
    "yum-epel": {
      "locked_version": "0.3.6"
    },
    "homebrew": {
      "locked_version": "1.6.6"
    },
    "windows": {
      "locked_version": "1.31.0"
    },
    "chef_handler": {
      "locked_version": "1.1.6"
    },
    "java": {
      "locked_version": "1.22.0"
    },
    "chef_gem": {
      "locked_version": "0.1.0"
    }
  }
}
